
Microsoft Visual Studio Solution File, Format Version 12.00
# Visual Studio Version 17
VisualStudioVersion = 17.3.32811.315
MinimumVisualStudioVersion = 10.0.40219.1
Project("{9A19103F-16F7-4668-BE54-9A1E7A4F7556}") = "FinalBattle", "FinalBattle.csproj", "{1A8B14EC-77F6-4312-BB5B-4613E2F8841B}"
EndProject
Project("{9A19103F-16F7-4668-BE54-9A1E7A4F7556}") = "FinalBattle.Common", "..\FinalBattle.Common\FinalBattle.Common.csproj", "{EC02B47D-5A5D-4DE3-BE96-161BF6282053}"
EndProject
Project("{FAE04EC0-301F-11D3-BF4B-00C04F79EFBC}") = "FinalBattle.Logic", "..\FinalBattle.Entities\FinalBattle.Logic.csproj", "{9EE14818-AB90-4ADD-984A-23AC6A157B27}"
EndProject
Global
	GlobalSection(SolutionConfigurationPlatforms) = preSolution
		Debug|Any CPU = Debug|Any CPU
		Release|Any CPU = Release|Any CPU
	EndGlobalSection
	GlobalSection(ProjectConfigurationPlatforms) = postSolution
		{1A8B14EC-77F6-4312-BB5B-4613E2F8841B}.Debug|Any CPU.ActiveCfg = Debug|Any CPU
		{1A8B14EC-77F6-4312-BB5B-4613E2F8841B}.Debug|Any CPU.Build.0 = Debug|Any CPU
		{1A8B14EC-77F6-4312-BB5B-4613E2F8841B}.Release|Any CPU.ActiveCfg = Release|Any CPU
		{1A8B14EC-77F6-4312-BB5B-4613E2F8841B}.Release|Any CPU.Build.0 = Release|Any CPU
		{EC02B47D-5A5D-4DE3-BE96-161BF6282053}.Debug|Any CPU.ActiveCfg = Debug|Any CPU
		{EC02B47D-5A5D-4DE3-BE96-161BF6282053}.Debug|Any CPU.Build.0 = Debug|Any CPU
		{EC02B47D-5A5D-4DE3-BE96-161BF6282053}.Release|Any CPU.ActiveCfg = Release|Any CPU
		{EC02B47D-5A5D-4DE3-BE96-161BF6282053}.Release|Any CPU.Build.0 = Release|Any CPU
		{9EE14818-AB90-4ADD-984A-23AC6A157B27}.Debug|Any CPU.ActiveCfg = Debug|Any CPU
		{9EE14818-AB90-4ADD-984A-23AC6A157B27}.Debug|Any CPU.Build.0 = Debug|Any CPU
		{9EE14818-AB90-4ADD-984A-23AC6A157B27}.Release|Any CPU.ActiveCfg = Release|Any CPU
		{9EE14818-AB90-4ADD-984A-23AC6A157B27}.Release|Any CPU.Build.0 = Release|Any CPU
	EndGlobalSection
	GlobalSection(SolutionProperties) = preSolution
		HideSolutionNode = FALSE
	EndGlobalSection
	GlobalSection(ExtensibilityGlobals) = postSolution
		SolutionGuid = {B2752FAE-FE64-4B81-826D-F14FCC5D6C4C}
	EndGlobalSection
EndGlobal
