
Microsoft Visual Studio Solution File, Format Version 12.00
# Visual Studio Version 17
VisualStudioVersion = 17.3.32811.315
MinimumVisualStudioVersion = 10.0.40219.1
Project("{FAE04EC0-301F-11D3-BF4B-00C04F79EFBC}") = "18 - War Preparations", "18 - War Preparations.csproj", "{18D920B0-C431-48CD-BF4E-644F4BB702DB}"
EndProject
Global
	GlobalSection(SolutionConfigurationPlatforms) = preSolution
		Debug|Any CPU = Debug|Any CPU
		Release|Any CPU = Release|Any CPU
	EndGlobalSection
	GlobalSection(ProjectConfigurationPlatforms) = postSolution
		{18D920B0-C431-48CD-BF4E-644F4BB702DB}.Debug|Any CPU.ActiveCfg = Debug|Any CPU
		{18D920B0-C431-48CD-BF4E-644F4BB702DB}.Debug|Any CPU.Build.0 = Debug|Any CPU
		{18D920B0-C431-48CD-BF4E-644F4BB702DB}.Release|Any CPU.ActiveCfg = Release|Any CPU
		{18D920B0-C431-48CD-BF4E-644F4BB702DB}.Release|Any CPU.Build.0 = Release|Any CPU
	EndGlobalSection
	GlobalSection(SolutionProperties) = preSolution
		HideSolutionNode = FALSE
	EndGlobalSection
	GlobalSection(ExtensibilityGlobals) = postSolution
		SolutionGuid = {82A736EB-FA81-4810-881A-E600F16F5CE7}
	EndGlobalSection
EndGlobal
