
Microsoft Visual Studio Solution File, Format Version 12.00
# Visual Studio Version 17
VisualStudioVersion = 17.3.32811.315
MinimumVisualStudioVersion = 10.0.40219.1
Project("{FAE04EC0-301F-11D3-BF4B-00C04F79EFBC}") = "12 - Converting Directions to Offsets", "12 - Converting Directions to Offsets.csproj", "{C6B43B87-54BD-4D3C-A041-F88C32E81B11}"
EndProject
Global
	GlobalSection(SolutionConfigurationPlatforms) = preSolution
		Debug|Any CPU = Debug|Any CPU
		Release|Any CPU = Release|Any CPU
	EndGlobalSection
	GlobalSection(ProjectConfigurationPlatforms) = postSolution
		{C6B43B87-54BD-4D3C-A041-F88C32E81B11}.Debug|Any CPU.ActiveCfg = Debug|Any CPU
		{C6B43B87-54BD-4D3C-A041-F88C32E81B11}.Debug|Any CPU.Build.0 = Debug|Any CPU
		{C6B43B87-54BD-4D3C-A041-F88C32E81B11}.Release|Any CPU.ActiveCfg = Release|Any CPU
		{C6B43B87-54BD-4D3C-A041-F88C32E81B11}.Release|Any CPU.Build.0 = Release|Any CPU
	EndGlobalSection
	GlobalSection(SolutionProperties) = preSolution
		HideSolutionNode = FALSE
	EndGlobalSection
	GlobalSection(ExtensibilityGlobals) = postSolution
		SolutionGuid = {7C972C51-C3BC-4684-9095-A646646E724F}
	EndGlobalSection
EndGlobal
