
Microsoft Visual Studio Solution File, Format Version 12.00
# Visual Studio Version 17
VisualStudioVersion = 17.3.32811.315
MinimumVisualStudioVersion = 10.0.40219.1
Project("{FAE04EC0-301F-11D3-BF4B-00C04F79EFBC}") = "12 - Buying Inventory", "12 - Buying Inventory.csproj", "{B79BD8CD-CD8B-4274-AB60-17466A2A8AEE}"
EndProject
Global
	GlobalSection(SolutionConfigurationPlatforms) = preSolution
		Debug|Any CPU = Debug|Any CPU
		Release|Any CPU = Release|Any CPU
	EndGlobalSection
	GlobalSection(ProjectConfigurationPlatforms) = postSolution
		{B79BD8CD-CD8B-4274-AB60-17466A2A8AEE}.Debug|Any CPU.ActiveCfg = Debug|Any CPU
		{B79BD8CD-CD8B-4274-AB60-17466A2A8AEE}.Debug|Any CPU.Build.0 = Debug|Any CPU
		{B79BD8CD-CD8B-4274-AB60-17466A2A8AEE}.Release|Any CPU.ActiveCfg = Release|Any CPU
		{B79BD8CD-CD8B-4274-AB60-17466A2A8AEE}.Release|Any CPU.Build.0 = Release|Any CPU
	EndGlobalSection
	GlobalSection(SolutionProperties) = preSolution
		HideSolutionNode = FALSE
	EndGlobalSection
	GlobalSection(ExtensibilityGlobals) = postSolution
		SolutionGuid = {FA2B2D4B-2F60-4201-8615-5D6EF339B797}
	EndGlobalSection
EndGlobal
