
Microsoft Visual Studio Solution File, Format Version 12.00
# Visual Studio Version 17
VisualStudioVersion = 17.3.32811.315
MinimumVisualStudioVersion = 10.0.40219.1
Project("{FAE04EC0-301F-11D3-BF4B-00C04F79EFBC}") = "8 - The Color", "8 - The Color.csproj", "{D8BCCA86-91AC-4973-B1D8-DA8C335E1B94}"
EndProject
Global
	GlobalSection(SolutionConfigurationPlatforms) = preSolution
		Debug|Any CPU = Debug|Any CPU
		Release|Any CPU = Release|Any CPU
	EndGlobalSection
	GlobalSection(ProjectConfigurationPlatforms) = postSolution
		{D8BCCA86-91AC-4973-B1D8-DA8C335E1B94}.Debug|Any CPU.ActiveCfg = Debug|Any CPU
		{D8BCCA86-91AC-4973-B1D8-DA8C335E1B94}.Debug|Any CPU.Build.0 = Debug|Any CPU
		{D8BCCA86-91AC-4973-B1D8-DA8C335E1B94}.Release|Any CPU.ActiveCfg = Release|Any CPU
		{D8BCCA86-91AC-4973-B1D8-DA8C335E1B94}.Release|Any CPU.Build.0 = Release|Any CPU
	EndGlobalSection
	GlobalSection(SolutionProperties) = preSolution
		HideSolutionNode = FALSE
	EndGlobalSection
	GlobalSection(ExtensibilityGlobals) = postSolution
		SolutionGuid = {63E90097-8EF4-4A8F-AFD0-1D45468D0F0E}
	EndGlobalSection
EndGlobal
