
Microsoft Visual Studio Solution File, Format Version 12.00
# Visual Studio Version 17
VisualStudioVersion = 17.3.32811.315
MinimumVisualStudioVersion = 10.0.40219.1
Project("{FAE04EC0-301F-11D3-BF4B-00C04F79EFBC}") = "2 - Safer Number Crunching", "2 - Safer Number Crunching.csproj", "{2EF6C24F-CFBE-488F-A033-0E56ED0C27C9}"
EndProject
Global
	GlobalSection(SolutionConfigurationPlatforms) = preSolution
		Debug|Any CPU = Debug|Any CPU
		Release|Any CPU = Release|Any CPU
	EndGlobalSection
	GlobalSection(ProjectConfigurationPlatforms) = postSolution
		{2EF6C24F-CFBE-488F-A033-0E56ED0C27C9}.Debug|Any CPU.ActiveCfg = Debug|Any CPU
		{2EF6C24F-CFBE-488F-A033-0E56ED0C27C9}.Debug|Any CPU.Build.0 = Debug|Any CPU
		{2EF6C24F-CFBE-488F-A033-0E56ED0C27C9}.Release|Any CPU.ActiveCfg = Release|Any CPU
		{2EF6C24F-CFBE-488F-A033-0E56ED0C27C9}.Release|Any CPU.Build.0 = Release|Any CPU
	EndGlobalSection
	GlobalSection(SolutionProperties) = preSolution
		HideSolutionNode = FALSE
	EndGlobalSection
	GlobalSection(ExtensibilityGlobals) = postSolution
		SolutionGuid = {6F37360C-013C-4253-89CD-45A42B866FA6}
	EndGlobalSection
EndGlobal
