
Microsoft Visual Studio Solution File, Format Version 12.00
# Visual Studio Version 17
VisualStudioVersion = 17.3.32811.315
MinimumVisualStudioVersion = 10.0.40219.1
Project("{FAE04EC0-301F-11D3-BF4B-00C04F79EFBC}") = "8 - The Dominion of Kings", "8 - The Dominion of Kings.csproj", "{547D5131-CB1D-4E23-AB5C-12F9848629FD}"
EndProject
Global
	GlobalSection(SolutionConfigurationPlatforms) = preSolution
		Debug|Any CPU = Debug|Any CPU
		Release|Any CPU = Release|Any CPU
	EndGlobalSection
	GlobalSection(ProjectConfigurationPlatforms) = postSolution
		{547D5131-CB1D-4E23-AB5C-12F9848629FD}.Debug|Any CPU.ActiveCfg = Debug|Any CPU
		{547D5131-CB1D-4E23-AB5C-12F9848629FD}.Debug|Any CPU.Build.0 = Debug|Any CPU
		{547D5131-CB1D-4E23-AB5C-12F9848629FD}.Release|Any CPU.ActiveCfg = Release|Any CPU
		{547D5131-CB1D-4E23-AB5C-12F9848629FD}.Release|Any CPU.Build.0 = Release|Any CPU
	EndGlobalSection
	GlobalSection(SolutionProperties) = preSolution
		HideSolutionNode = FALSE
	EndGlobalSection
	GlobalSection(ExtensibilityGlobals) = postSolution
		SolutionGuid = {1F23DB30-4D86-49C6-9135-7D44B3C5DD8B}
	EndGlobalSection
EndGlobal
