
Microsoft Visual Studio Solution File, Format Version 12.00
# Visual Studio Version 17
VisualStudioVersion = 17.3.32811.315
MinimumVisualStudioVersion = 10.0.40219.1
Project("{FAE04EC0-301F-11D3-BF4B-00C04F79EFBC}") = "18 - Taking a Number", "18 - Taking a Number.csproj", "{E33427A6-62F2-4428-B04D-42DFF4A17206}"
EndProject
Global
	GlobalSection(SolutionConfigurationPlatforms) = preSolution
		Debug|Any CPU = Debug|Any CPU
		Release|Any CPU = Release|Any CPU
	EndGlobalSection
	GlobalSection(ProjectConfigurationPlatforms) = postSolution
		{E33427A6-62F2-4428-B04D-42DFF4A17206}.Debug|Any CPU.ActiveCfg = Debug|Any CPU
		{E33427A6-62F2-4428-B04D-42DFF4A17206}.Debug|Any CPU.Build.0 = Debug|Any CPU
		{E33427A6-62F2-4428-B04D-42DFF4A17206}.Release|Any CPU.ActiveCfg = Release|Any CPU
		{E33427A6-62F2-4428-B04D-42DFF4A17206}.Release|Any CPU.Build.0 = Release|Any CPU
	EndGlobalSection
	GlobalSection(SolutionProperties) = preSolution
		HideSolutionNode = FALSE
	EndGlobalSection
	GlobalSection(ExtensibilityGlobals) = postSolution
		SolutionGuid = {7ADD0B42-6E9A-49BC-A3B7-9BD69B662831}
	EndGlobalSection
EndGlobal
