
Microsoft Visual Studio Solution File, Format Version 12.00
# Visual Studio Version 17
VisualStudioVersion = 17.3.32811.315
MinimumVisualStudioVersion = 10.0.40219.1
Project("{FAE04EC0-301F-11D3-BF4B-00C04F79EFBC}") = "15 - Asynchronous Random World", "15 - Asynchronous Random World.csproj", "{EEEF03C6-1205-4C06-85E7-76E9173CE6FE}"
EndProject
Global
	GlobalSection(SolutionConfigurationPlatforms) = preSolution
		Debug|Any CPU = Debug|Any CPU
		Release|Any CPU = Release|Any CPU
	EndGlobalSection
	GlobalSection(ProjectConfigurationPlatforms) = postSolution
		{EEEF03C6-1205-4C06-85E7-76E9173CE6FE}.Debug|Any CPU.ActiveCfg = Debug|Any CPU
		{EEEF03C6-1205-4C06-85E7-76E9173CE6FE}.Debug|Any CPU.Build.0 = Debug|Any CPU
		{EEEF03C6-1205-4C06-85E7-76E9173CE6FE}.Release|Any CPU.ActiveCfg = Release|Any CPU
		{EEEF03C6-1205-4C06-85E7-76E9173CE6FE}.Release|Any CPU.Build.0 = Release|Any CPU
	EndGlobalSection
	GlobalSection(SolutionProperties) = preSolution
		HideSolutionNode = FALSE
	EndGlobalSection
	GlobalSection(ExtensibilityGlobals) = postSolution
		SolutionGuid = {7068C350-51BA-4F62-8365-BC349C5C4BD6}
	EndGlobalSection
EndGlobal
