
Microsoft Visual Studio Solution File, Format Version 12.00
# Visual Studio Version 17
VisualStudioVersion = 17.3.32811.315
MinimumVisualStudioVersion = 10.0.40219.1
Project("{FAE04EC0-301F-11D3-BF4B-00C04F79EFBC}") = "Hello World", "Hello World.csproj", "{CCD4D652-3A7A-458F-8F68-FDB0F1F6D840}"
EndProject
Global
	GlobalSection(SolutionConfigurationPlatforms) = preSolution
		Debug|Any CPU = Debug|Any CPU
		Release|Any CPU = Release|Any CPU
	EndGlobalSection
	GlobalSection(ProjectConfigurationPlatforms) = postSolution
		{CCD4D652-3A7A-458F-8F68-FDB0F1F6D840}.Debug|Any CPU.ActiveCfg = Debug|Any CPU
		{CCD4D652-3A7A-458F-8F68-FDB0F1F6D840}.Debug|Any CPU.Build.0 = Debug|Any CPU
		{CCD4D652-3A7A-458F-8F68-FDB0F1F6D840}.Release|Any CPU.ActiveCfg = Release|Any CPU
		{CCD4D652-3A7A-458F-8F68-FDB0F1F6D840}.Release|Any CPU.Build.0 = Release|Any CPU
	EndGlobalSection
	GlobalSection(SolutionProperties) = preSolution
		HideSolutionNode = FALSE
	EndGlobalSection
	GlobalSection(ExtensibilityGlobals) = postSolution
		SolutionGuid = {A708B62C-3661-4FC1-A634-2B88BE370D65}
	EndGlobalSection
EndGlobal
