
Microsoft Visual Studio Solution File, Format Version 12.00
# Visual Studio Version 17
VisualStudioVersion = 17.3.32811.315
MinimumVisualStudioVersion = 10.0.40219.1
Project("{FAE04EC0-301F-11D3-BF4B-00C04F79EFBC}") = "2 - Simula's Soup", "2 - Simula's Soup.csproj", "{6FF6F8B1-88FB-4ED3-B092-0234B2AD7853}"
EndProject
Global
	GlobalSection(SolutionConfigurationPlatforms) = preSolution
		Debug|Any CPU = Debug|Any CPU
		Release|Any CPU = Release|Any CPU
	EndGlobalSection
	GlobalSection(ProjectConfigurationPlatforms) = postSolution
		{6FF6F8B1-88FB-4ED3-B092-0234B2AD7853}.Debug|Any CPU.ActiveCfg = Debug|Any CPU
		{6FF6F8B1-88FB-4ED3-B092-0234B2AD7853}.Debug|Any CPU.Build.0 = Debug|Any CPU
		{6FF6F8B1-88FB-4ED3-B092-0234B2AD7853}.Release|Any CPU.ActiveCfg = Release|Any CPU
		{6FF6F8B1-88FB-4ED3-B092-0234B2AD7853}.Release|Any CPU.Build.0 = Release|Any CPU
	EndGlobalSection
	GlobalSection(SolutionProperties) = preSolution
		HideSolutionNode = FALSE
	EndGlobalSection
	GlobalSection(ExtensibilityGlobals) = postSolution
		SolutionGuid = {A78DDEA9-D212-4BF2-BB22-ED44A792EEA7}
	EndGlobalSection
EndGlobal
