
Microsoft Visual Studio Solution File, Format Version 12.00
# Visual Studio Version 17
VisualStudioVersion = 17.3.32811.315
MinimumVisualStudioVersion = 10.0.40219.1
Project("{FAE04EC0-301F-11D3-BF4B-00C04F79EFBC}") = "8 - The Long Game", "8 - The Long Game.csproj", "{51FC7328-1E8B-4CBE-8FE0-947AFCB1BFD5}"
EndProject
Global
	GlobalSection(SolutionConfigurationPlatforms) = preSolution
		Debug|Any CPU = Debug|Any CPU
		Release|Any CPU = Release|Any CPU
	EndGlobalSection
	GlobalSection(ProjectConfigurationPlatforms) = postSolution
		{51FC7328-1E8B-4CBE-8FE0-947AFCB1BFD5}.Debug|Any CPU.ActiveCfg = Debug|Any CPU
		{51FC7328-1E8B-4CBE-8FE0-947AFCB1BFD5}.Debug|Any CPU.Build.0 = Debug|Any CPU
		{51FC7328-1E8B-4CBE-8FE0-947AFCB1BFD5}.Release|Any CPU.ActiveCfg = Release|Any CPU
		{51FC7328-1E8B-4CBE-8FE0-947AFCB1BFD5}.Release|Any CPU.Build.0 = Release|Any CPU
	EndGlobalSection
	GlobalSection(SolutionProperties) = preSolution
		HideSolutionNode = FALSE
	EndGlobalSection
	GlobalSection(ExtensibilityGlobals) = postSolution
		SolutionGuid = {A863B03D-42C0-4130-BDB9-615441E9FBDB}
	EndGlobalSection
EndGlobal
