
Microsoft Visual Studio Solution File, Format Version 12.00
# Visual Studio Version 17
VisualStudioVersion = 17.3.32811.315
MinimumVisualStudioVersion = 10.0.40219.1
Project("{FAE04EC0-301F-11D3-BF4B-00C04F79EFBC}") = "20 - Hunting the Manticore", "20 - Hunting the Manticore.csproj", "{5F2E44A4-404F-4819-9EE4-6D6A8B27DBA9}"
EndProject
Global
	GlobalSection(SolutionConfigurationPlatforms) = preSolution
		Debug|Any CPU = Debug|Any CPU
		Release|Any CPU = Release|Any CPU
	EndGlobalSection
	GlobalSection(ProjectConfigurationPlatforms) = postSolution
		{5F2E44A4-404F-4819-9EE4-6D6A8B27DBA9}.Debug|Any CPU.ActiveCfg = Debug|Any CPU
		{5F2E44A4-404F-4819-9EE4-6D6A8B27DBA9}.Debug|Any CPU.Build.0 = Debug|Any CPU
		{5F2E44A4-404F-4819-9EE4-6D6A8B27DBA9}.Release|Any CPU.ActiveCfg = Release|Any CPU
		{5F2E44A4-404F-4819-9EE4-6D6A8B27DBA9}.Release|Any CPU.Build.0 = Release|Any CPU
	EndGlobalSection
	GlobalSection(SolutionProperties) = preSolution
		HideSolutionNode = FALSE
	EndGlobalSection
	GlobalSection(ExtensibilityGlobals) = postSolution
		SolutionGuid = {F4FD7FED-4707-4D99-8831-950532C9DAB1}
	EndGlobalSection
EndGlobal
